{
  "originHash" : "2f7adf7c7229e08c980c636d963ae5080953a50bb901590df21d55d13bc09130",
  "pins" : [
    {
      "identity" : "reactiveswift",
      "kind" : "remoteSourceControl",
      "location" : "https://github.com/ReactiveCocoa/ReactiveSwift.git",
      "state" : {
        "branch" : "sendable",
        "revision" : "302100cf9c31f9d63991e7c7167374247932fe88"
      }
    },
    {
      "identity" : "workflow-swift",
      "kind" : "remoteSourceControl",
      "location" : "https://github.com/Fleuronic/workflow-swift",
      "state" : {
        "branch" : "main",
        "revision" : "3785f9dc2e1c9fec91e59eae76030497260a8dac"
      }
    }
  ],
  "version" : 3
}
