{
  "originHash" : "62d0398af1383a1a0358edd769327a73cc7c6cb4ce031f8fa079df500f84b678",
  "pins" : [
    {
      "identity" : "enumkit",
      "kind" : "remoteSourceControl",
      "location" : "https://github.com/gringoireDM/EnumKit",
      "state" : {
        "revision" : "ae639dfac5c7116abb64c5f62124915f627140e4",
        "version" : "1.1.3"
      }
    },
    {
      "identity" : "reactiveswift",
      "kind" : "remoteSourceControl",
      "location" : "https://github.com/ReactiveCocoa/ReactiveSwift.git",
      "state" : {
        "revision" : "40c465af19b993344e84355c00669ba2022ca3cd",
        "version" : "7.1.1"
      }
    },
    {
      "identity" : "workflow-swift",
      "kind" : "remoteSourceControl",
      "location" : "https://github.com/Fleuronic/workflow-swift",
      "state" : {
        "branch" : "main",
        "revision" : "5b432e699247ef70c369ea7d54c4e24140e30945"
      }
    }
  ],
  "version" : 3
}
