{
  "pins" : [
    {
      "identity" : "reactiveswift",
      "kind" : "remoteSourceControl",
      "location" : "https://github.com/Fleuronic/ReactiveSwift.git",
      "state" : {
        "branch" : "main",
        "revision" : "db54c7d9b7cf3ed89962eac4b28a4c05df855956"
      }
    },
    {
      "identity" : "workflow-swift",
      "kind" : "remoteSourceControl",
      "location" : "https://github.com/Fleuronic/workflow-swift",
      "state" : {
        "branch" : "main",
        "revision" : "b43f0a099a2b5a018450cc005da8b279c54ffa55"
      }
    }
  ],
  "version" : 2
}
